
Microsoft Visual Studio Solution File, Format Version 12.00
# Visual Studio Version 17
VisualStudioVersion = 17.4.32916.344
MinimumVisualStudioVersion = 10.0.40219.1
Project("{9A19103F-16F7-4668-BE54-9A1E7A4F7556}") = "Project", "Project.csproj", "{73D29155-E6E4-4D45-B5D8-ACF13C671666}"
EndProject
Project("{9A19103F-16F7-4668-BE54-9A1E7A4F7556}") = "DomainLayer", "..\DomainLayer\DomainLayer.csproj", "{BC2D4BC4-99C0-4974-9EB1-D142B264637E}"
EndProject
Project("{9A19103F-16F7-4668-BE54-9A1E7A4F7556}") = "Infrastructure", "..\Infrastructure\Infrastructure.csproj", "{99868F03-4F17-4AE9-9C93-99AB5BC5C97A}"
EndProject
Project("{FAE04EC0-301F-11D3-BF4B-00C04F79EFBC}") = "ProjectUWP", "..\ProjectUWP\ProjectUWP.csproj", "{5BC3EDC6-9E4E-447A-8808-8878ED32C8F0}"
EndProject
Global
	GlobalSection(SolutionConfigurationPlatforms) = preSolution
		Debug|Any CPU = Debug|Any CPU
		Debug|ARM = Debug|ARM
		Debug|ARM64 = Debug|ARM64
		Debug|x64 = Debug|x64
		Debug|x86 = Debug|x86
		Release|Any CPU = Release|Any CPU
		Release|ARM = Release|ARM
		Release|ARM64 = Release|ARM64
		Release|x64 = Release|x64
		Release|x86 = Release|x86
	EndGlobalSection
	GlobalSection(ProjectConfigurationPlatforms) = postSolution
		{73D29155-E6E4-4D45-B5D8-ACF13C671666}.Debug|Any CPU.ActiveCfg = Debug|Any CPU
		{73D29155-E6E4-4D45-B5D8-ACF13C671666}.Debug|Any CPU.Build.0 = Debug|Any CPU
		{73D29155-E6E4-4D45-B5D8-ACF13C671666}.Debug|ARM.ActiveCfg = Debug|Any CPU
		{73D29155-E6E4-4D45-B5D8-ACF13C671666}.Debug|ARM.Build.0 = Debug|Any CPU
		{73D29155-E6E4-4D45-B5D8-ACF13C671666}.Debug|ARM64.ActiveCfg = Debug|Any CPU
		{73D29155-E6E4-4D45-B5D8-ACF13C671666}.Debug|ARM64.Build.0 = Debug|Any CPU
		{73D29155-E6E4-4D45-B5D8-ACF13C671666}.Debug|x64.ActiveCfg = Debug|Any CPU
		{73D29155-E6E4-4D45-B5D8-ACF13C671666}.Debug|x64.Build.0 = Debug|Any CPU
		{73D29155-E6E4-4D45-B5D8-ACF13C671666}.Debug|x86.ActiveCfg = Debug|Any CPU
		{73D29155-E6E4-4D45-B5D8-ACF13C671666}.Debug|x86.Build.0 = Debug|Any CPU
		{73D29155-E6E4-4D45-B5D8-ACF13C671666}.Release|Any CPU.ActiveCfg = Release|Any CPU
		{73D29155-E6E4-4D45-B5D8-ACF13C671666}.Release|Any CPU.Build.0 = Release|Any CPU
		{73D29155-E6E4-4D45-B5D8-ACF13C671666}.Release|ARM.ActiveCfg = Release|Any CPU
		{73D29155-E6E4-4D45-B5D8-ACF13C671666}.Release|ARM.Build.0 = Release|Any CPU
		{73D29155-E6E4-4D45-B5D8-ACF13C671666}.Release|ARM64.ActiveCfg = Release|Any CPU
		{73D29155-E6E4-4D45-B5D8-ACF13C671666}.Release|ARM64.Build.0 = Release|Any CPU
		{73D29155-E6E4-4D45-B5D8-ACF13C671666}.Release|x64.ActiveCfg = Release|Any CPU
		{73D29155-E6E4-4D45-B5D8-ACF13C671666}.Release|x64.Build.0 = Release|Any CPU
		{73D29155-E6E4-4D45-B5D8-ACF13C671666}.Release|x86.ActiveCfg = Release|Any CPU
		{73D29155-E6E4-4D45-B5D8-ACF13C671666}.Release|x86.Build.0 = Release|Any CPU
		{BC2D4BC4-99C0-4974-9EB1-D142B264637E}.Debug|Any CPU.ActiveCfg = Debug|Any CPU
		{BC2D4BC4-99C0-4974-9EB1-D142B264637E}.Debug|Any CPU.Build.0 = Debug|Any CPU
		{BC2D4BC4-99C0-4974-9EB1-D142B264637E}.Debug|ARM.ActiveCfg = Debug|Any CPU
		{BC2D4BC4-99C0-4974-9EB1-D142B264637E}.Debug|ARM.Build.0 = Debug|Any CPU
		{BC2D4BC4-99C0-4974-9EB1-D142B264637E}.Debug|ARM64.ActiveCfg = Debug|Any CPU
		{BC2D4BC4-99C0-4974-9EB1-D142B264637E}.Debug|ARM64.Build.0 = Debug|Any CPU
		{BC2D4BC4-99C0-4974-9EB1-D142B264637E}.Debug|x64.ActiveCfg = Debug|Any CPU
		{BC2D4BC4-99C0-4974-9EB1-D142B264637E}.Debug|x64.Build.0 = Debug|Any CPU
		{BC2D4BC4-99C0-4974-9EB1-D142B264637E}.Debug|x86.ActiveCfg = Debug|Any CPU
		{BC2D4BC4-99C0-4974-9EB1-D142B264637E}.Debug|x86.Build.0 = Debug|Any CPU
		{BC2D4BC4-99C0-4974-9EB1-D142B264637E}.Release|Any CPU.ActiveCfg = Release|Any CPU
		{BC2D4BC4-99C0-4974-9EB1-D142B264637E}.Release|Any CPU.Build.0 = Release|Any CPU
		{BC2D4BC4-99C0-4974-9EB1-D142B264637E}.Release|ARM.ActiveCfg = Release|Any CPU
		{BC2D4BC4-99C0-4974-9EB1-D142B264637E}.Release|ARM.Build.0 = Release|Any CPU
		{BC2D4BC4-99C0-4974-9EB1-D142B264637E}.Release|ARM64.ActiveCfg = Release|Any CPU
		{BC2D4BC4-99C0-4974-9EB1-D142B264637E}.Release|ARM64.Build.0 = Release|Any CPU
		{BC2D4BC4-99C0-4974-9EB1-D142B264637E}.Release|x64.ActiveCfg = Release|Any CPU
		{BC2D4BC4-99C0-4974-9EB1-D142B264637E}.Release|x64.Build.0 = Release|Any CPU
		{BC2D4BC4-99C0-4974-9EB1-D142B264637E}.Release|x86.ActiveCfg = Release|Any CPU
		{BC2D4BC4-99C0-4974-9EB1-D142B264637E}.Release|x86.Build.0 = Release|Any CPU
		{99868F03-4F17-4AE9-9C93-99AB5BC5C97A}.Debug|Any CPU.ActiveCfg = Debug|Any CPU
		{99868F03-4F17-4AE9-9C93-99AB5BC5C97A}.Debug|Any CPU.Build.0 = Debug|Any CPU
		{99868F03-4F17-4AE9-9C93-99AB5BC5C97A}.Debug|ARM.ActiveCfg = Debug|Any CPU
		{99868F03-4F17-4AE9-9C93-99AB5BC5C97A}.Debug|ARM.Build.0 = Debug|Any CPU
		{99868F03-4F17-4AE9-9C93-99AB5BC5C97A}.Debug|ARM64.ActiveCfg = Debug|Any CPU
		{99868F03-4F17-4AE9-9C93-99AB5BC5C97A}.Debug|ARM64.Build.0 = Debug|Any CPU
		{99868F03-4F17-4AE9-9C93-99AB5BC5C97A}.Debug|x64.ActiveCfg = Debug|Any CPU
		{99868F03-4F17-4AE9-9C93-99AB5BC5C97A}.Debug|x64.Build.0 = Debug|Any CPU
		{99868F03-4F17-4AE9-9C93-99AB5BC5C97A}.Debug|x86.ActiveCfg = Debug|Any CPU
		{99868F03-4F17-4AE9-9C93-99AB5BC5C97A}.Debug|x86.Build.0 = Debug|Any CPU
		{99868F03-4F17-4AE9-9C93-99AB5BC5C97A}.Release|Any CPU.ActiveCfg = Release|Any CPU
		{99868F03-4F17-4AE9-9C93-99AB5BC5C97A}.Release|Any CPU.Build.0 = Release|Any CPU
		{99868F03-4F17-4AE9-9C93-99AB5BC5C97A}.Release|ARM.ActiveCfg = Release|Any CPU
		{99868F03-4F17-4AE9-9C93-99AB5BC5C97A}.Release|ARM.Build.0 = Release|Any CPU
		{99868F03-4F17-4AE9-9C93-99AB5BC5C97A}.Release|ARM64.ActiveCfg = Release|Any CPU
		{99868F03-4F17-4AE9-9C93-99AB5BC5C97A}.Release|ARM64.Build.0 = Release|Any CPU
		{99868F03-4F17-4AE9-9C93-99AB5BC5C97A}.Release|x64.ActiveCfg = Release|Any CPU
		{99868F03-4F17-4AE9-9C93-99AB5BC5C97A}.Release|x64.Build.0 = Release|Any CPU
		{99868F03-4F17-4AE9-9C93-99AB5BC5C97A}.Release|x86.ActiveCfg = Release|Any CPU
		{99868F03-4F17-4AE9-9C93-99AB5BC5C97A}.Release|x86.Build.0 = Release|Any CPU
		{5BC3EDC6-9E4E-447A-8808-8878ED32C8F0}.Debug|Any CPU.ActiveCfg = Debug|x64
		{5BC3EDC6-9E4E-447A-8808-8878ED32C8F0}.Debug|Any CPU.Build.0 = Debug|x64
		{5BC3EDC6-9E4E-447A-8808-8878ED32C8F0}.Debug|Any CPU.Deploy.0 = Debug|x64
		{5BC3EDC6-9E4E-447A-8808-8878ED32C8F0}.Debug|ARM.ActiveCfg = Debug|ARM
		{5BC3EDC6-9E4E-447A-8808-8878ED32C8F0}.Debug|ARM.Build.0 = Debug|ARM
		{5BC3EDC6-9E4E-447A-8808-8878ED32C8F0}.Debug|ARM.Deploy.0 = Debug|ARM
		{5BC3EDC6-9E4E-447A-8808-8878ED32C8F0}.Debug|ARM64.ActiveCfg = Debug|ARM64
		{5BC3EDC6-9E4E-447A-8808-8878ED32C8F0}.Debug|ARM64.Build.0 = Debug|ARM64
		{5BC3EDC6-9E4E-447A-8808-8878ED32C8F0}.Debug|ARM64.Deploy.0 = Debug|ARM64
		{5BC3EDC6-9E4E-447A-8808-8878ED32C8F0}.Debug|x64.ActiveCfg = Debug|x64
		{5BC3EDC6-9E4E-447A-8808-8878ED32C8F0}.Debug|x64.Build.0 = Debug|x64
		{5BC3EDC6-9E4E-447A-8808-8878ED32C8F0}.Debug|x64.Deploy.0 = Debug|x64
		{5BC3EDC6-9E4E-447A-8808-8878ED32C8F0}.Debug|x86.ActiveCfg = Debug|x86
		{5BC3EDC6-9E4E-447A-8808-8878ED32C8F0}.Debug|x86.Build.0 = Debug|x86
		{5BC3EDC6-9E4E-447A-8808-8878ED32C8F0}.Debug|x86.Deploy.0 = Debug|x86
		{5BC3EDC6-9E4E-447A-8808-8878ED32C8F0}.Release|Any CPU.ActiveCfg = Release|x64
		{5BC3EDC6-9E4E-447A-8808-8878ED32C8F0}.Release|Any CPU.Build.0 = Release|x64
		{5BC3EDC6-9E4E-447A-8808-8878ED32C8F0}.Release|Any CPU.Deploy.0 = Release|x64
		{5BC3EDC6-9E4E-447A-8808-8878ED32C8F0}.Release|ARM.ActiveCfg = Release|ARM
		{5BC3EDC6-9E4E-447A-8808-8878ED32C8F0}.Release|ARM.Build.0 = Release|ARM
		{5BC3EDC6-9E4E-447A-8808-8878ED32C8F0}.Release|ARM.Deploy.0 = Release|ARM
		{5BC3EDC6-9E4E-447A-8808-8878ED32C8F0}.Release|ARM64.ActiveCfg = Release|ARM64
		{5BC3EDC6-9E4E-447A-8808-8878ED32C8F0}.Release|ARM64.Build.0 = Release|ARM64
		{5BC3EDC6-9E4E-447A-8808-8878ED32C8F0}.Release|ARM64.Deploy.0 = Release|ARM64
		{5BC3EDC6-9E4E-447A-8808-8878ED32C8F0}.Release|x64.ActiveCfg = Release|x64
		{5BC3EDC6-9E4E-447A-8808-8878ED32C8F0}.Release|x64.Build.0 = Release|x64
		{5BC3EDC6-9E4E-447A-8808-8878ED32C8F0}.Release|x64.Deploy.0 = Release|x64
		{5BC3EDC6-9E4E-447A-8808-8878ED32C8F0}.Release|x86.ActiveCfg = Release|x86
		{5BC3EDC6-9E4E-447A-8808-8878ED32C8F0}.Release|x86.Build.0 = Release|x86
		{5BC3EDC6-9E4E-447A-8808-8878ED32C8F0}.Release|x86.Deploy.0 = Release|x86
	EndGlobalSection
	GlobalSection(SolutionProperties) = preSolution
		HideSolutionNode = FALSE
	EndGlobalSection
	GlobalSection(ExtensibilityGlobals) = postSolution
		SolutionGuid = {156A7AC0-D02B-401A-A69F-79617966B663}
	EndGlobalSection
EndGlobal
